
Microsoft Visual Studio Solution File, Format Version 12.00
# Visual Studio Version 17
VisualStudioVersion = 17.4.33110.190
MinimumVisualStudioVersion = 10.0.40219.1
Project("{9A19103F-16F7-4668-BE54-9A1E7A4F7556}") = "Cranky.BitSerializer", "Cranky.BitSerializer\Cranky.BitSerializer.csproj", "{C241D1B0-4815-4265-B1D2-44F47725B724}"
EndProject
Project("{FAE04EC0-301F-11D3-BF4B-00C04F79EFBC}") = "Cranky.BitSerializer.Tests", "Cranky.BitSerializer.Tests\Cranky.BitSerializer.Tests.csproj", "{9F5CF27B-3E69-4B2C-8DE3-55ED7348A7D3}"
EndProject
Global
	GlobalSection(SolutionConfigurationPlatforms) = preSolution
		Debug|Any CPU = Debug|Any CPU
		Release|Any CPU = Release|Any CPU
	EndGlobalSection
	GlobalSection(ProjectConfigurationPlatforms) = postSolution
		{C241D1B0-4815-4265-B1D2-44F47725B724}.Debug|Any CPU.ActiveCfg = Debug|Any CPU
		{C241D1B0-4815-4265-B1D2-44F47725B724}.Debug|Any CPU.Build.0 = Debug|Any CPU
		{C241D1B0-4815-4265-B1D2-44F47725B724}.Release|Any CPU.ActiveCfg = Release|Any CPU
		{C241D1B0-4815-4265-B1D2-44F47725B724}.Release|Any CPU.Build.0 = Release|Any CPU
		{9F5CF27B-3E69-4B2C-8DE3-55ED7348A7D3}.Debug|Any CPU.ActiveCfg = Debug|Any CPU
		{9F5CF27B-3E69-4B2C-8DE3-55ED7348A7D3}.Debug|Any CPU.Build.0 = Debug|Any CPU
		{9F5CF27B-3E69-4B2C-8DE3-55ED7348A7D3}.Release|Any CPU.ActiveCfg = Release|Any CPU
		{9F5CF27B-3E69-4B2C-8DE3-55ED7348A7D3}.Release|Any CPU.Build.0 = Release|Any CPU
	EndGlobalSection
	GlobalSection(SolutionProperties) = preSolution
		HideSolutionNode = FALSE
	EndGlobalSection
	GlobalSection(ExtensibilityGlobals) = postSolution
		SolutionGuid = {BDC50D72-0002-4F0F-908D-2256E0B4DF63}
	EndGlobalSection
EndGlobal
